
Microsoft Visual Studio Solution File, Format Version 12.00
# Visual Studio Version 16
VisualStudioVersion = 16.0.29905.134
MinimumVisualStudioVersion = 10.0.40219.1
Project("{FAE04EC0-301F-11D3-BF4B-00C04F79EFBC}") = "NumberToWordsonverter", "NumberToWordsonverter\NumberToWordsonverter.csproj", "{CC7289DC-1F88-4F31-AD62-A502CE1FBD44}"
EndProject
Global
	GlobalSection(SolutionConfigurationPlatforms) = preSolution
		Debug|Any CPU = Debug|Any CPU
		Release|Any CPU = Release|Any CPU
	EndGlobalSection
	GlobalSection(ProjectConfigurationPlatforms) = postSolution
		{CC7289DC-1F88-4F31-AD62-A502CE1FBD44}.Debug|Any CPU.ActiveCfg = Debug|Any CPU
		{CC7289DC-1F88-4F31-AD62-A502CE1FBD44}.Debug|Any CPU.Build.0 = Debug|Any CPU
		{CC7289DC-1F88-4F31-AD62-A502CE1FBD44}.Release|Any CPU.ActiveCfg = Release|Any CPU
		{CC7289DC-1F88-4F31-AD62-A502CE1FBD44}.Release|Any CPU.Build.0 = Release|Any CPU
	EndGlobalSection
	GlobalSection(SolutionProperties) = preSolution
		HideSolutionNode = FALSE
	EndGlobalSection
	GlobalSection(ExtensibilityGlobals) = postSolution
		SolutionGuid = {021C0C99-8C5B-4959-A1F1-1B910006C460}
	EndGlobalSection
EndGlobal
