
Microsoft Visual Studio Solution File, Format Version 12.00
# Visual Studio 15
VisualStudioVersion = 15.0.27703.2026
MinimumVisualStudioVersion = 10.0.40219.1
Project("{FAE04EC0-301F-11D3-BF4B-00C04F79EFBC}") = "ClosestNumber", "ClosestNumber\ClosestNumber.csproj", "{59C059BB-3D89-4CB7-BC64-1BCB5452D1E3}"
EndProject
Global
	GlobalSection(SolutionConfigurationPlatforms) = preSolution
		Debug|Any CPU = Debug|Any CPU
		Release|Any CPU = Release|Any CPU
	EndGlobalSection
	GlobalSection(ProjectConfigurationPlatforms) = postSolution
		{59C059BB-3D89-4CB7-BC64-1BCB5452D1E3}.Debug|Any CPU.ActiveCfg = Debug|Any CPU
		{59C059BB-3D89-4CB7-BC64-1BCB5452D1E3}.Debug|Any CPU.Build.0 = Debug|Any CPU
		{59C059BB-3D89-4CB7-BC64-1BCB5452D1E3}.Release|Any CPU.ActiveCfg = Release|Any CPU
		{59C059BB-3D89-4CB7-BC64-1BCB5452D1E3}.Release|Any CPU.Build.0 = Release|Any CPU
	EndGlobalSection
	GlobalSection(SolutionProperties) = preSolution
		HideSolutionNode = FALSE
	EndGlobalSection
	GlobalSection(ExtensibilityGlobals) = postSolution
		SolutionGuid = {1FC030B9-44B1-403F-A8AA-A586A3E2BEB3}
	EndGlobalSection
EndGlobal
