
Microsoft Visual Studio Solution File, Format Version 12.00
# Visual Studio 15
VisualStudioVersion = 15.0.27703.2026
MinimumVisualStudioVersion = 10.0.40219.1
Project("{FAE04EC0-301F-11D3-BF4B-00C04F79EFBC}") = "IEnumerable, IEnumerator, Foreach", "IEnumerable, IEnumerator, Foreach\IEnumerable, IEnumerator, Foreach.csproj", "{362327A3-D197-4F10-A68F-F1C7B8D7B1E7}"
EndProject
Global
	GlobalSection(SolutionConfigurationPlatforms) = preSolution
		Debug|Any CPU = Debug|Any CPU
		Release|Any CPU = Release|Any CPU
	EndGlobalSection
	GlobalSection(ProjectConfigurationPlatforms) = postSolution
		{362327A3-D197-4F10-A68F-F1C7B8D7B1E7}.Debug|Any CPU.ActiveCfg = Debug|Any CPU
		{362327A3-D197-4F10-A68F-F1C7B8D7B1E7}.Debug|Any CPU.Build.0 = Debug|Any CPU
		{362327A3-D197-4F10-A68F-F1C7B8D7B1E7}.Release|Any CPU.ActiveCfg = Release|Any CPU
		{362327A3-D197-4F10-A68F-F1C7B8D7B1E7}.Release|Any CPU.Build.0 = Release|Any CPU
	EndGlobalSection
	GlobalSection(SolutionProperties) = preSolution
		HideSolutionNode = FALSE
	EndGlobalSection
	GlobalSection(ExtensibilityGlobals) = postSolution
		SolutionGuid = {01A07D3B-D5CE-4DF3-8FDB-40C770D2FDC8}
	EndGlobalSection
EndGlobal
