
Microsoft Visual Studio Solution File, Format Version 12.00
# Visual Studio 15
VisualStudioVersion = 15.0.27703.2026
MinimumVisualStudioVersion = 10.0.40219.1
Project("{FAE04EC0-301F-11D3-BF4B-00C04F79EFBC}") = "Singleton pattern", "Singleton pattern\Singleton pattern.csproj", "{3071469F-84F3-4B26-8C75-8B85114EE239}"
EndProject
Global
	GlobalSection(SolutionConfigurationPlatforms) = preSolution
		Debug|Any CPU = Debug|Any CPU
		Release|Any CPU = Release|Any CPU
	EndGlobalSection
	GlobalSection(ProjectConfigurationPlatforms) = postSolution
		{3071469F-84F3-4B26-8C75-8B85114EE239}.Debug|Any CPU.ActiveCfg = Debug|Any CPU
		{3071469F-84F3-4B26-8C75-8B85114EE239}.Debug|Any CPU.Build.0 = Debug|Any CPU
		{3071469F-84F3-4B26-8C75-8B85114EE239}.Release|Any CPU.ActiveCfg = Release|Any CPU
		{3071469F-84F3-4B26-8C75-8B85114EE239}.Release|Any CPU.Build.0 = Release|Any CPU
	EndGlobalSection
	GlobalSection(SolutionProperties) = preSolution
		HideSolutionNode = FALSE
	EndGlobalSection
	GlobalSection(ExtensibilityGlobals) = postSolution
		SolutionGuid = {40757BE4-517F-4EA4-9712-76C1B2042C5D}
	EndGlobalSection
EndGlobal
